// !$*UTF8*$!
{
	archiveVersion = 1;
	classes = {
	};
	objectVersion = 56;
	objects = {

/* Begin PBXBuildFile section */
		842DA1882BAAC34200E13E9D /* FirebaseAnalytics in Frameworks */ = {isa = PBXBuildFile; productRef = 842DA1872BAAC34200E13E9D /* FirebaseAnalytics */; };
		842DA18C2BAAC39600E13E9D /* GoogleService-Info.plist in Resources */ = {isa = PBXBuildFile; fileRef = 842DA18B2BAAC39600E13E9D /* GoogleService-Info.plist */; };
		842DA18F2BAAC43800E13E9D /* FirebaseDatabase in Frameworks */ = {isa = PBXBuildFile; productRef = 842DA18E2BAAC43800E13E9D /* FirebaseDatabase */; };
		842DA1912BAAD00B00E13E9D /* FirebaseManager.swift in Sources */ = {isa = PBXBuildFile; fileRef = 842DA1902BAAD00B00E13E9D /* FirebaseManager.swift */; };
		FB7BFF4029C073180024D2E9 /* AppDelegate.swift in Sources */ = {isa = PBXBuildFile; fileRef = FB7BFF3F29C073180024D2E9 /* AppDelegate.swift */; };
		FB7BFF4229C073180024D2E9 /* SceneDelegate.swift in Sources */ = {isa = PBXBuildFile; fileRef = FB7BFF4129C073180024D2E9 /* SceneDelegate.swift */; };
		FB7BFF4429C073180024D2E9 /* MainViewController.swift in Sources */ = {isa = PBXBuildFile; fileRef = FB7BFF4329C073180024D2E9 /* MainViewController.swift */; };
		FB7BFF4729C073180024D2E9 /* Main.storyboard in Resources */ = {isa = PBXBuildFile; fileRef = FB7BFF4529C073180024D2E9 /* Main.storyboard */; };
		FB7BFF4929C0731C0024D2E9 /* Assets.xcassets in Resources */ = {isa = PBXBuildFile; fileRef = FB7BFF4829C0731C0024D2E9 /* Assets.xcassets */; };
		FB7BFF4C29C0731C0024D2E9 /* LaunchScreen.storyboard in Resources */ = {isa = PBXBuildFile; fileRef = FB7BFF4A29C0731C0024D2E9 /* LaunchScreen.storyboard */; };
		FB7BFF7229C0777E0024D2E9 /* QuizQuestionStoryboard.storyboard in Resources */ = {isa = PBXBuildFile; fileRef = FB7BFF7129C0777E0024D2E9 /* QuizQuestionStoryboard.storyboard */; };
		FB7BFF7429C077980024D2E9 /* QuizQuestionViewController.swift in Sources */ = {isa = PBXBuildFile; fileRef = FB7BFF7329C077980024D2E9 /* QuizQuestionViewController.swift */; };
		FB7BFF7629C077C00024D2E9 /* ResultStoryboard.storyboard in Resources */ = {isa = PBXBuildFile; fileRef = FB7BFF7529C077C00024D2E9 /* ResultStoryboard.storyboard */; };
		FB7BFF7829C077CB0024D2E9 /* ResultViewController.swift in Sources */ = {isa = PBXBuildFile; fileRef = FB7BFF7729C077CB0024D2E9 /* ResultViewController.swift */; };
		FB9CE0F529C0ABF200AE244C /* Constants.swift in Sources */ = {isa = PBXBuildFile; fileRef = FB9CE0F429C0ABF200AE244C /* Constants.swift */; };
		FB9CE0FA29C0B4B800AE244C /* Question.swift in Sources */ = {isa = PBXBuildFile; fileRef = FB9CE0F929C0B4B800AE244C /* Question.swift */; };
		FB9CE0FD29C0B55700AE244C /* String.swift in Sources */ = {isa = PBXBuildFile; fileRef = FB9CE0FC29C0B55700AE244C /* String.swift */; };
		FB9CE0FF29C0CE5600AE244C /* ResultView.swift in Sources */ = {isa = PBXBuildFile; fileRef = FB9CE0FE29C0CE5600AE244C /* ResultView.swift */; };
		FB9CE10129C0CE6200AE244C /* ResultViewModel.swift in Sources */ = {isa = PBXBuildFile; fileRef = FB9CE10029C0CE6200AE244C /* ResultViewModel.swift */; };
		FB9CE10529C0CEA300AE244C /* QuizQuestionView.swift in Sources */ = {isa = PBXBuildFile; fileRef = FB9CE10429C0CEA300AE244C /* QuizQuestionView.swift */; };
		FB9CE10929C0CEC800AE244C /* QuizQuestionViewModel.swift in Sources */ = {isa = PBXBuildFile; fileRef = FB9CE10829C0CEC800AE244C /* QuizQuestionViewModel.swift */; };
		FB9CE10B29C0D3AC00AE244C /* MainView.swift in Sources */ = {isa = PBXBuildFile; fileRef = FB9CE10A29C0D3AC00AE244C /* MainView.swift */; };
		FB9CE10F29C0D3C200AE244C /* MainViewModel.swift in Sources */ = {isa = PBXBuildFile; fileRef = FB9CE10E29C0D3C200AE244C /* MainViewModel.swift */; };
		FBABCF5129C3109A00B9AC7F /* Result.swift in Sources */ = {isa = PBXBuildFile; fileRef = FBABCF5029C3109A00B9AC7F /* Result.swift */; };
		FBB450AA29C21D1000F8F0EA /* User.swift in Sources */ = {isa = PBXBuildFile; fileRef = FBB450A929C21D1000F8F0EA /* User.swift */; };
		FBB450AF29C232C500F8F0EA /* UIColor.swift in Sources */ = {isa = PBXBuildFile; fileRef = FBB450AE29C232C500F8F0EA /* UIColor.swift */; };
/* End PBXBuildFile section */

/* Begin PBXFileReference section */
		842DA18B2BAAC39600E13E9D /* GoogleService-Info.plist */ = {isa = PBXFileReference; fileEncoding = 4; lastKnownFileType = text.plist.xml; path = "GoogleService-Info.plist"; sourceTree = "<group>"; };
		842DA1902BAAD00B00E13E9D /* FirebaseManager.swift */ = {isa = PBXFileReference; lastKnownFileType = sourcecode.swift; path = FirebaseManager.swift; sourceTree = "<group>"; };
		FB7BFF3C29C073170024D2E9 /* AppQuiz.app */ = {isa = PBXFileReference; explicitFileType = wrapper.application; includeInIndex = 0; path = AppQuiz.app; sourceTree = BUILT_PRODUCTS_DIR; };
		FB7BFF3F29C073180024D2E9 /* AppDelegate.swift */ = {isa = PBXFileReference; lastKnownFileType = sourcecode.swift; path = AppDelegate.swift; sourceTree = "<group>"; };
		FB7BFF4129C073180024D2E9 /* SceneDelegate.swift */ = {isa = PBXFileReference; lastKnownFileType = sourcecode.swift; path = SceneDelegate.swift; sourceTree = "<group>"; };
		FB7BFF4329C073180024D2E9 /* MainViewController.swift */ = {isa = PBXFileReference; lastKnownFileType = sourcecode.swift; path = MainViewController.swift; sourceTree = "<group>"; };
		FB7BFF4629C073180024D2E9 /* Base */ = {isa = PBXFileReference; lastKnownFileType = file.storyboard; name = Base; path = Base.lproj/Main.storyboard; sourceTree = "<group>"; };
		FB7BFF4829C0731C0024D2E9 /* Assets.xcassets */ = {isa = PBXFileReference; lastKnownFileType = folder.assetcatalog; path = Assets.xcassets; sourceTree = "<group>"; };
		FB7BFF4B29C0731C0024D2E9 /* Base */ = {isa = PBXFileReference; lastKnownFileType = file.storyboard; name = Base; path = Base.lproj/LaunchScreen.storyboard; sourceTree = "<group>"; };
		FB7BFF4D29C0731C0024D2E9 /* Info.plist */ = {isa = PBXFileReference; lastKnownFileType = text.plist.xml; path = Info.plist; sourceTree = "<group>"; };
		FB7BFF7129C0777E0024D2E9 /* QuizQuestionStoryboard.storyboard */ = {isa = PBXFileReference; lastKnownFileType = file.storyboard; path = QuizQuestionStoryboard.storyboard; sourceTree = "<group>"; };
		FB7BFF7329C077980024D2E9 /* QuizQuestionViewController.swift */ = {isa = PBXFileReference; lastKnownFileType = sourcecode.swift; path = QuizQuestionViewController.swift; sourceTree = "<group>"; };
		FB7BFF7529C077C00024D2E9 /* ResultStoryboard.storyboard */ = {isa = PBXFileReference; lastKnownFileType = file.storyboard; path = ResultStoryboard.storyboard; sourceTree = "<group>"; };
		FB7BFF7729C077CB0024D2E9 /* ResultViewController.swift */ = {isa = PBXFileReference; lastKnownFileType = sourcecode.swift; path = ResultViewController.swift; sourceTree = "<group>"; };
		FB9CE0F429C0ABF200AE244C /* Constants.swift */ = {isa = PBXFileReference; lastKnownFileType = sourcecode.swift; path = Constants.swift; sourceTree = "<group>"; };
		FB9CE0F929C0B4B800AE244C /* Question.swift */ = {isa = PBXFileReference; lastKnownFileType = sourcecode.swift; path = Question.swift; sourceTree = "<group>"; };
		FB9CE0FC29C0B55700AE244C /* String.swift */ = {isa = PBXFileReference; lastKnownFileType = sourcecode.swift; path = String.swift; sourceTree = "<group>"; };
		FB9CE0FE29C0CE5600AE244C /* ResultView.swift */ = {isa = PBXFileReference; lastKnownFileType = sourcecode.swift; path = ResultView.swift; sourceTree = "<group>"; };
		FB9CE10029C0CE6200AE244C /* ResultViewModel.swift */ = {isa = PBXFileReference; lastKnownFileType = sourcecode.swift; path = ResultViewModel.swift; sourceTree = "<group>"; };
		FB9CE10429C0CEA300AE244C /* QuizQuestionView.swift */ = {isa = PBXFileReference; lastKnownFileType = sourcecode.swift; path = QuizQuestionView.swift; sourceTree = "<group>"; };
		FB9CE10829C0CEC800AE244C /* QuizQuestionViewModel.swift */ = {isa = PBXFileReference; lastKnownFileType = sourcecode.swift; path = QuizQuestionViewModel.swift; sourceTree = "<group>"; };
		FB9CE10A29C0D3AC00AE244C /* MainView.swift */ = {isa = PBXFileReference; lastKnownFileType = sourcecode.swift; path = MainView.swift; sourceTree = "<group>"; };
		FB9CE10E29C0D3C200AE244C /* MainViewModel.swift */ = {isa = PBXFileReference; lastKnownFileType = sourcecode.swift; path = MainViewModel.swift; sourceTree = "<group>"; };
		FBABCF5029C3109A00B9AC7F /* Result.swift */ = {isa = PBXFileReference; lastKnownFileType = sourcecode.swift; path = Result.swift; sourceTree = "<group>"; };
		FBB450A929C21D1000F8F0EA /* User.swift */ = {isa = PBXFileReference; lastKnownFileType = sourcecode.swift; path = User.swift; sourceTree = "<group>"; };
		FBB450AE29C232C500F8F0EA /* UIColor.swift */ = {isa = PBXFileReference; lastKnownFileType = sourcecode.swift; path = UIColor.swift; sourceTree = "<group>"; };
/* End PBXFileReference section */

/* Begin PBXFrameworksBuildPhase section */
		FB7BFF3929C073170024D2E9 /* Frameworks */ = {
			isa = PBXFrameworksBuildPhase;
			buildActionMask = 2147483647;
			files = (
				842DA18F2BAAC43800E13E9D /* FirebaseDatabase in Frameworks */,
				842DA1882BAAC34200E13E9D /* FirebaseAnalytics in Frameworks */,
			);
			runOnlyForDeploymentPostprocessing = 0;
		};
/* End PBXFrameworksBuildPhase section */

/* Begin PBXGroup section */
		842DA18D2BAAC43800E13E9D /* Frameworks */ = {
			isa = PBXGroup;
			children = (
			);
			name = Frameworks;
			sourceTree = "<group>";
		};
		FB7BFF3329C073170024D2E9 = {
			isa = PBXGroup;
			children = (
				FB7BFF3E29C073170024D2E9 /* AppQuiz */,
				FB7BFF3D29C073170024D2E9 /* Products */,
				842DA18D2BAAC43800E13E9D /* Frameworks */,
			);
			sourceTree = "<group>";
		};
		FB7BFF3D29C073170024D2E9 /* Products */ = {
			isa = PBXGroup;
			children = (
				FB7BFF3C29C073170024D2E9 /* AppQuiz.app */,
			);
			name = Products;
			sourceTree = "<group>";
		};
		FB7BFF3E29C073170024D2E9 /* AppQuiz */ = {
			isa = PBXGroup;
			children = (
				FB9CE0FB29C0B53700AE244C /* Extension */,
				FB7BFF5429C074A70024D2E9 /* Utils+Models */,
				FB7BFF5329C0748D0024D2E9 /* Scenes */,
				FB7BFF3F29C073180024D2E9 /* AppDelegate.swift */,
				FB7BFF4129C073180024D2E9 /* SceneDelegate.swift */,
				FB7BFF4829C0731C0024D2E9 /* Assets.xcassets */,
				FB7BFF4A29C0731C0024D2E9 /* LaunchScreen.storyboard */,
				FB7BFF4D29C0731C0024D2E9 /* Info.plist */,
				842DA18B2BAAC39600E13E9D /* GoogleService-Info.plist */,
			);
			path = AppQuiz;
			sourceTree = "<group>";
		};
		FB7BFF5329C0748D0024D2E9 /* Scenes */ = {
			isa = PBXGroup;
			children = (
				FB7BFF7029C077540024D2E9 /* Result */,
				FB7BFF6F29C077420024D2E9 /* QuizQuestion */,
				FB7BFF6E29C077220024D2E9 /* Main */,
			);
			path = Scenes;
			sourceTree = "<group>";
		};
		FB7BFF5429C074A70024D2E9 /* Utils+Models */ = {
			isa = PBXGroup;
			children = (
				FB9CE0F429C0ABF200AE244C /* Constants.swift */,
				FBB450A929C21D1000F8F0EA /* User.swift */,
				FB9CE0F929C0B4B800AE244C /* Question.swift */,
				FBABCF5029C3109A00B9AC7F /* Result.swift */,
			);
			path = "Utils+Models";
			sourceTree = "<group>";
		};
		FB7BFF6E29C077220024D2E9 /* Main */ = {
			isa = PBXGroup;
			children = (
				FB7BFF4529C073180024D2E9 /* Main.storyboard */,
				FB7BFF4329C073180024D2E9 /* MainViewController.swift */,
				FB9CE10A29C0D3AC00AE244C /* MainView.swift */,
				FB9CE10E29C0D3C200AE244C /* MainViewModel.swift */,
			);
			path = Main;
			sourceTree = "<group>";
		};
		FB7BFF6F29C077420024D2E9 /* QuizQuestion */ = {
			isa = PBXGroup;
			children = (
				FB7BFF7129C0777E0024D2E9 /* QuizQuestionStoryboard.storyboard */,
				FB7BFF7329C077980024D2E9 /* QuizQuestionViewController.swift */,
				842DA1902BAAD00B00E13E9D /* FirebaseManager.swift */,
				FB9CE10429C0CEA300AE244C /* QuizQuestionView.swift */,
				FB9CE10829C0CEC800AE244C /* QuizQuestionViewModel.swift */,
			);
			path = QuizQuestion;
			sourceTree = "<group>";
		};
		FB7BFF7029C077540024D2E9 /* Result */ = {
			isa = PBXGroup;
			children = (
				FB7BFF7529C077C00024D2E9 /* ResultStoryboard.storyboard */,
				FB7BFF7729C077CB0024D2E9 /* ResultViewController.swift */,
				FB9CE0FE29C0CE5600AE244C /* ResultView.swift */,
				FB9CE10029C0CE6200AE244C /* ResultViewModel.swift */,
			);
			path = Result;
			sourceTree = "<group>";
		};
		FB9CE0FB29C0B53700AE244C /* Extension */ = {
			isa = PBXGroup;
			children = (
				FB9CE0FC29C0B55700AE244C /* String.swift */,
				FBB450AE29C232C500F8F0EA /* UIColor.swift */,
			);
			path = Extension;
			sourceTree = "<group>";
		};
/* End PBXGroup section */

/* Begin PBXNativeTarget section */
		FB7BFF3B29C073170024D2E9 /* AppQuiz */ = {
			isa = PBXNativeTarget;
			buildConfigurationList = FB7BFF5029C0731C0024D2E9 /* Build configuration list for PBXNativeTarget "AppQuiz" */;
			buildPhases = (
				FB7BFF3829C073170024D2E9 /* Sources */,
				FB7BFF3929C073170024D2E9 /* Frameworks */,
				FB7BFF3A29C073170024D2E9 /* Resources */,
			);
			buildRules = (
			);
			dependencies = (
			);
			name = AppQuiz;
			packageProductDependencies = (
				842DA1872BAAC34200E13E9D /* FirebaseAnalytics */,
				842DA18E2BAAC43800E13E9D /* FirebaseDatabase */,
			);
			productName = AppQuiz;
			productReference = FB7BFF3C29C073170024D2E9 /* AppQuiz.app */;
			productType = "com.apple.product-type.application";
		};
/* End PBXNativeTarget section */

/* Begin PBXProject section */
		FB7BFF3429C073170024D2E9 /* Project object */ = {
			isa = PBXProject;
			attributes = {
				BuildIndependentTargetsInParallel = 1;
				LastSwiftUpdateCheck = 1420;
				LastUpgradeCheck = 1420;
				TargetAttributes = {
					FB7BFF3B29C073170024D2E9 = {
						CreatedOnToolsVersion = 14.2;
					};
				};
			};
			buildConfigurationList = FB7BFF3729C073170024D2E9 /* Build configuration list for PBXProject "AppQuiz" */;
			compatibilityVersion = "Xcode 14.0";
			developmentRegion = en;
			hasScannedForEncodings = 0;
			knownRegions = (
				en,
				Base,
			);
			mainGroup = FB7BFF3329C073170024D2E9;
			packageReferences = (
				842DA1862BAAC34200E13E9D /* XCRemoteSwiftPackageReference "firebase-ios-sdk" */,
			);
			productRefGroup = FB7BFF3D29C073170024D2E9 /* Products */;
			projectDirPath = "";
			projectRoot = "";
			targets = (
				FB7BFF3B29C073170024D2E9 /* AppQuiz */,
			);
		};
/* End PBXProject section */

/* Begin PBXResourcesBuildPhase section */
		FB7BFF3A29C073170024D2E9 /* Resources */ = {
			isa = PBXResourcesBuildPhase;
			buildActionMask = 2147483647;
			files = (
				FB7BFF4C29C0731C0024D2E9 /* LaunchScreen.storyboard in Resources */,
				FB7BFF4929C0731C0024D2E9 /* Assets.xcassets in Resources */,
				FB7BFF7629C077C00024D2E9 /* ResultStoryboard.storyboard in Resources */,
				FB7BFF7229C0777E0024D2E9 /* QuizQuestionStoryboard.storyboard in Resources */,
				FB7BFF4729C073180024D2E9 /* Main.storyboard in Resources */,
				842DA18C2BAAC39600E13E9D /* GoogleService-Info.plist in Resources */,
			);
			runOnlyForDeploymentPostprocessing = 0;
		};
/* End PBXResourcesBuildPhase section */

/* Begin PBXSourcesBuildPhase section */
		FB7BFF3829C073170024D2E9 /* Sources */ = {
			isa = PBXSourcesBuildPhase;
			buildActionMask = 2147483647;
			files = (
				FB7BFF7829C077CB0024D2E9 /* ResultViewController.swift in Sources */,
				FB9CE10129C0CE6200AE244C /* ResultViewModel.swift in Sources */,
				FB9CE0FD29C0B55700AE244C /* String.swift in Sources */,
				FB9CE0FF29C0CE5600AE244C /* ResultView.swift in Sources */,
				FB9CE10929C0CEC800AE244C /* QuizQuestionViewModel.swift in Sources */,
				FB7BFF4429C073180024D2E9 /* MainViewController.swift in Sources */,
				FBB450AF29C232C500F8F0EA /* UIColor.swift in Sources */,
				FB9CE10F29C0D3C200AE244C /* MainViewModel.swift in Sources */,
				FB9CE10529C0CEA300AE244C /* QuizQuestionView.swift in Sources */,
				FB7BFF4029C073180024D2E9 /* AppDelegate.swift in Sources */,
				FB7BFF7429C077980024D2E9 /* QuizQuestionViewController.swift in Sources */,
				FB7BFF4229C073180024D2E9 /* SceneDelegate.swift in Sources */,
				842DA1912BAAD00B00E13E9D /* FirebaseManager.swift in Sources */,
				FBB450AA29C21D1000F8F0EA /* User.swift in Sources */,
				FB9CE0FA29C0B4B800AE244C /* Question.swift in Sources */,
				FBABCF5129C3109A00B9AC7F /* Result.swift in Sources */,
				FB9CE10B29C0D3AC00AE244C /* MainView.swift in Sources */,
				FB9CE0F529C0ABF200AE244C /* Constants.swift in Sources */,
			);
			runOnlyForDeploymentPostprocessing = 0;
		};
/* End PBXSourcesBuildPhase section */

/* Begin PBXVariantGroup section */
		FB7BFF4529C073180024D2E9 /* Main.storyboard */ = {
			isa = PBXVariantGroup;
			children = (
				FB7BFF4629C073180024D2E9 /* Base */,
			);
			name = Main.storyboard;
			sourceTree = "<group>";
		};
		FB7BFF4A29C0731C0024D2E9 /* LaunchScreen.storyboard */ = {
			isa = PBXVariantGroup;
			children = (
				FB7BFF4B29C0731C0024D2E9 /* Base */,
			);
			name = LaunchScreen.storyboard;
			sourceTree = "<group>";
		};
/* End PBXVariantGroup section */

/* Begin XCBuildConfiguration section */
		FB7BFF4E29C0731C0024D2E9 /* Debug */ = {
			isa = XCBuildConfiguration;
			buildSettings = {
				ALWAYS_SEARCH_USER_PATHS = NO;
				CLANG_ANALYZER_NONNULL = YES;
				CLANG_ANALYZER_NUMBER_OBJECT_CONVERSION = YES_AGGRESSIVE;
				CLANG_CXX_LANGUAGE_STANDARD = "gnu++20";
				CLANG_ENABLE_MODULES = YES;
				CLANG_ENABLE_OBJC_ARC = YES;
				CLANG_ENABLE_OBJC_WEAK = YES;
				CLANG_WARN_BLOCK_CAPTURE_AUTORELEASING = YES;
				CLANG_WARN_BOOL_CONVERSION = YES;
				CLANG_WARN_COMMA = YES;
				CLANG_WARN_CONSTANT_CONVERSION = YES;
				CLANG_WARN_DEPRECATED_OBJC_IMPLEMENTATIONS = YES;
				CLANG_WARN_DIRECT_OBJC_ISA_USAGE = YES_ERROR;
				CLANG_WARN_DOCUMENTATION_COMMENTS = YES;
				CLANG_WARN_EMPTY_BODY = YES;
				CLANG_WARN_ENUM_CONVERSION = YES;
				CLANG_WARN_INFINITE_RECURSION = YES;
				CLANG_WARN_INT_CONVERSION = YES;
				CLANG_WARN_NON_LITERAL_NULL_CONVERSION = YES;
				CLANG_WARN_OBJC_IMPLICIT_RETAIN_SELF = YES;
				CLANG_WARN_OBJC_LITERAL_CONVERSION = YES;
				CLANG_WARN_OBJC_ROOT_CLASS = YES_ERROR;
				CLANG_WARN_QUOTED_INCLUDE_IN_FRAMEWORK_HEADER = YES;
				CLANG_WARN_RANGE_LOOP_ANALYSIS = YES;
				CLANG_WARN_STRICT_PROTOTYPES = YES;
				CLANG_WARN_SUSPICIOUS_MOVE = YES;
				CLANG_WARN_UNGUARDED_AVAILABILITY = YES_AGGRESSIVE;
				CLANG_WARN_UNREACHABLE_CODE = YES;
				CLANG_WARN__DUPLICATE_METHOD_MATCH = YES;
				COPY_PHASE_STRIP = NO;
				DEBUG_INFORMATION_FORMAT = dwarf;
				ENABLE_STRICT_OBJC_MSGSEND = YES;
				ENABLE_TESTABILITY = YES;
				GCC_C_LANGUAGE_STANDARD = gnu11;
				GCC_DYNAMIC_NO_PIC = NO;
				GCC_NO_COMMON_BLOCKS = YES;
				GCC_OPTIMIZATION_LEVEL = 0;
				GCC_PREPROCESSOR_DEFINITIONS = (
					"DEBUG=1",
					"$(inherited)",
				);
				GCC_WARN_64_TO_32_BIT_CONVERSION = YES;
				GCC_WARN_ABOUT_RETURN_TYPE = YES_ERROR;
				GCC_WARN_UNDECLARED_SELECTOR = YES;
				GCC_WARN_UNINITIALIZED_AUTOS = YES_AGGRESSIVE;
				GCC_WARN_UNUSED_FUNCTION = YES;
				GCC_WARN_UNUSED_VARIABLE = YES;
				IPHONEOS_DEPLOYMENT_TARGET = 14.0;
				MTL_ENABLE_DEBUG_INFO = INCLUDE_SOURCE;
				MTL_FAST_MATH = YES;
				ONLY_ACTIVE_ARCH = YES;
				SDKROOT = iphoneos;
				SWIFT_ACTIVE_COMPILATION_CONDITIONS = DEBUG;
				SWIFT_OPTIMIZATION_LEVEL = "-Onone";
			};
			name = Debug;
		};
		FB7BFF4F29C0731C0024D2E9 /* Release */ = {
			isa = XCBuildConfiguration;
			buildSettings = {
				ALWAYS_SEARCH_USER_PATHS = NO;
				CLANG_ANALYZER_NONNULL = YES;
				CLANG_ANALYZER_NUMBER_OBJECT_CONVERSION = YES_AGGRESSIVE;
				CLANG_CXX_LANGUAGE_STANDARD = "gnu++20";
				CLANG_ENABLE_MODULES = YES;
				CLANG_ENABLE_OBJC_ARC = YES;
				CLANG_ENABLE_OBJC_WEAK = YES;
				CLANG_WARN_BLOCK_CAPTURE_AUTORELEASING = YES;
				CLANG_WARN_BOOL_CONVERSION = YES;
				CLANG_WARN_COMMA = YES;
				CLANG_WARN_CONSTANT_CONVERSION = YES;
				CLANG_WARN_DEPRECATED_OBJC_IMPLEMENTATIONS = YES;
				CLANG_WARN_DIRECT_OBJC_ISA_USAGE = YES_ERROR;
				CLANG_WARN_DOCUMENTATION_COMMENTS = YES;
				CLANG_WARN_EMPTY_BODY = YES;
				CLANG_WARN_ENUM_CONVERSION = YES;
				CLANG_WARN_INFINITE_RECURSION = YES;
				CLANG_WARN_INT_CONVERSION = YES;
				CLANG_WARN_NON_LITERAL_NULL_CONVERSION = YES;
				CLANG_WARN_OBJC_IMPLICIT_RETAIN_SELF = YES;
				CLANG_WARN_OBJC_LITERAL_CONVERSION = YES;
				CLANG_WARN_OBJC_ROOT_CLASS = YES_ERROR;
				CLANG_WARN_QUOTED_INCLUDE_IN_FRAMEWORK_HEADER = YES;
				CLANG_WARN_RANGE_LOOP_ANALYSIS = YES;
				CLANG_WARN_STRICT_PROTOTYPES = YES;
				CLANG_WARN_SUSPICIOUS_MOVE = YES;
				CLANG_WARN_UNGUARDED_AVAILABILITY = YES_AGGRESSIVE;
				CLANG_WARN_UNREACHABLE_CODE = YES;
				CLANG_WARN__DUPLICATE_METHOD_MATCH = YES;
				COPY_PHASE_STRIP = NO;
				DEBUG_INFORMATION_FORMAT = "dwarf-with-dsym";
				ENABLE_NS_ASSERTIONS = NO;
				ENABLE_STRICT_OBJC_MSGSEND = YES;
				GCC_C_LANGUAGE_STANDARD = gnu11;
				GCC_NO_COMMON_BLOCKS = YES;
				GCC_WARN_64_TO_32_BIT_CONVERSION = YES;
				GCC_WARN_ABOUT_RETURN_TYPE = YES_ERROR;
				GCC_WARN_UNDECLARED_SELECTOR = YES;
				GCC_WARN_UNINITIALIZED_AUTOS = YES_AGGRESSIVE;
				GCC_WARN_UNUSED_FUNCTION = YES;
				GCC_WARN_UNUSED_VARIABLE = YES;
				IPHONEOS_DEPLOYMENT_TARGET = 14.0;
				MTL_ENABLE_DEBUG_INFO = NO;
				MTL_FAST_MATH = YES;
				SDKROOT = iphoneos;
				SWIFT_COMPILATION_MODE = wholemodule;
				SWIFT_OPTIMIZATION_LEVEL = "-O";
				VALIDATE_PRODUCT = YES;
			};
			name = Release;
		};
		FB7BFF5129C0731C0024D2E9 /* Debug */ = {
			isa = XCBuildConfiguration;
			buildSettings = {
				ASSETCATALOG_COMPILER_APPICON_NAME = AppIcon;
				ASSETCATALOG_COMPILER_GLOBAL_ACCENT_COLOR_NAME = AccentColor;
				CODE_SIGN_STYLE = Automatic;
				CURRENT_PROJECT_VERSION = 1;
				DEVELOPMENT_TEAM = 47GGXH37CJ;
				GENERATE_INFOPLIST_FILE = YES;
				INFOPLIST_FILE = AppQuiz/Info.plist;
				INFOPLIST_KEY_CFBundleDisplayName = "Quiz App";
				INFOPLIST_KEY_UIApplicationSupportsIndirectInputEvents = YES;
				INFOPLIST_KEY_UILaunchStoryboardName = LaunchScreen.storyboard;
				INFOPLIST_KEY_UIMainStoryboardFile = Main;
				INFOPLIST_KEY_UISupportedInterfaceOrientations_iPad = "UIInterfaceOrientationPortrait UIInterfaceOrientationPortraitUpsideDown UIInterfaceOrientationLandscapeLeft UIInterfaceOrientationLandscapeRight";
				INFOPLIST_KEY_UISupportedInterfaceOrientations_iPhone = "UIInterfaceOrientationPortrait UIInterfaceOrientationLandscapeLeft UIInterfaceOrientationLandscapeRight";
				LD_RUNPATH_SEARCH_PATHS = (
					"$(inherited)",
					"@executable_path/Frameworks",
				);
				MARKETING_VERSION = 1.0;
				PRODUCT_BUNDLE_IDENTIFIER = com.papon.AppQuiz1;
				PRODUCT_NAME = "$(TARGET_NAME)";
				SWIFT_EMIT_LOC_STRINGS = YES;
				SWIFT_VERSION = 5.0;
				TARGETED_DEVICE_FAMILY = "1,2";
			};
			name = Debug;
		};
		FB7BFF5229C0731C0024D2E9 /* Release */ = {
			isa = XCBuildConfiguration;
			buildSettings = {
				ASSETCATALOG_COMPILER_APPICON_NAME = AppIcon;
				ASSETCATALOG_COMPILER_GLOBAL_ACCENT_COLOR_NAME = AccentColor;
				CODE_SIGN_STYLE = Automatic;
				CURRENT_PROJECT_VERSION = 1;
				DEVELOPMENT_TEAM = 47GGXH37CJ;
				GENERATE_INFOPLIST_FILE = YES;
				INFOPLIST_FILE = AppQuiz/Info.plist;
				INFOPLIST_KEY_CFBundleDisplayName = "Quiz App";
				INFOPLIST_KEY_UIApplicationSupportsIndirectInputEvents = YES;
				INFOPLIST_KEY_UILaunchStoryboardName = LaunchScreen.storyboard;
				INFOPLIST_KEY_UIMainStoryboardFile = Main;
				INFOPLIST_KEY_UISupportedInterfaceOrientations_iPad = "UIInterfaceOrientationPortrait UIInterfaceOrientationPortraitUpsideDown UIInterfaceOrientationLandscapeLeft UIInterfaceOrientationLandscapeRight";
				INFOPLIST_KEY_UISupportedInterfaceOrientations_iPhone = "UIInterfaceOrientationPortrait UIInterfaceOrientationLandscapeLeft UIInterfaceOrientationLandscapeRight";
				LD_RUNPATH_SEARCH_PATHS = (
					"$(inherited)",
					"@executable_path/Frameworks",
				);
				MARKETING_VERSION = 1.0;
				PRODUCT_BUNDLE_IDENTIFIER = com.papon.AppQuiz1;
				PRODUCT_NAME = "$(TARGET_NAME)";
				SWIFT_EMIT_LOC_STRINGS = YES;
				SWIFT_VERSION = 5.0;
				TARGETED_DEVICE_FAMILY = "1,2";
			};
			name = Release;
		};
/* End XCBuildConfiguration section */

/* Begin XCConfigurationList section */
		FB7BFF3729C073170024D2E9 /* Build configuration list for PBXProject "AppQuiz" */ = {
			isa = XCConfigurationList;
			buildConfigurations = (
				FB7BFF4E29C0731C0024D2E9 /* Debug */,
				FB7BFF4F29C0731C0024D2E9 /* Release */,
			);
			defaultConfigurationIsVisible = 0;
			defaultConfigurationName = Release;
		};
		FB7BFF5029C0731C0024D2E9 /* Build configuration list for PBXNativeTarget "AppQuiz" */ = {
			isa = XCConfigurationList;
			buildConfigurations = (
				FB7BFF5129C0731C0024D2E9 /* Debug */,
				FB7BFF5229C0731C0024D2E9 /* Release */,
			);
			defaultConfigurationIsVisible = 0;
			defaultConfigurationName = Release;
		};
/* End XCConfigurationList section */

/* Begin XCRemoteSwiftPackageReference section */
		842DA1862BAAC34200E13E9D /* XCRemoteSwiftPackageReference "firebase-ios-sdk" */ = {
			isa = XCRemoteSwiftPackageReference;
			repositoryURL = "https://github.com/firebase/firebase-ios-sdk";
			requirement = {
				kind = upToNextMajorVersion;
				minimumVersion = 9.0.0;
			};
		};
/* End XCRemoteSwiftPackageReference section */

/* Begin XCSwiftPackageProductDependency section */
		842DA1872BAAC34200E13E9D /* FirebaseAnalytics */ = {
			isa = XCSwiftPackageProductDependency;
			package = 842DA1862BAAC34200E13E9D /* XCRemoteSwiftPackageReference "firebase-ios-sdk" */;
			productName = FirebaseAnalytics;
		};
		842DA18E2BAAC43800E13E9D /* FirebaseDatabase */ = {
			isa = XCSwiftPackageProductDependency;
			package = 842DA1862BAAC34200E13E9D /* XCRemoteSwiftPackageReference "firebase-ios-sdk" */;
			productName = FirebaseDatabase;
		};
/* End XCSwiftPackageProductDependency section */
	};
	rootObject = FB7BFF3429C073170024D2E9 /* Project object */;
}
